{
  "version": 4,
  "terraform_version": "1.9.8",
  "serial": 26,
  "lineage": "4570aca3-c671-732b-f611-5e91e3a09c31",
  "outputs": {},
  "resources": [
    {
      "mode": "managed",
      "type": "azurerm_app_service",
      "name": "example",
      "provider": "provider[\"registry.terraform.io/hashicorp/azurerm\"]",
      "instances": [
        {
          "schema_version": 0,
          "attributes": {
            "app_service_plan_id": "/subscriptions/920220c1-481b-4246-8e07-2d3b4fea007c/resourceGroups/example-resources/providers/Microsoft.Web/serverFarms/example-appserviceplan",
            "app_settings": {
              "SOME_KEY": "some-value"
            },
            "auth_settings": [
              {
                "active_directory": [],
                "additional_login_params": {},
                "allowed_external_redirect_urls": [],
                "default_provider": "",
                "enabled": false,
                "facebook": [],
                "google": [],
                "issuer": "",
                "microsoft": [],
                "runtime_version": "",
                "token_refresh_extension_hours": 0,
                "token_store_enabled": false,
                "twitter": [],
                "unauthenticated_client_action": ""
              }
            ],
            "backup": [],
            "client_affinity_enabled": false,
            "client_cert_enabled": false,
            "client_cert_mode": "Required",
            "connection_string": [
              {
                "name": "Database",
                "type": "SQLServer",
                "value": "Server=some-server.mydomain.com;Integrated Security=SSPI"
              }
            ],
            "custom_domain_verification_id": "A4187C3AA9DE6EF3C95FF91E9435BA6B33462E2D87A75FD54A6FFB48C2236005",
            "default_site_hostname": "azurerm-app-service-test-1.azurewebsites.net",
            "enabled": true,
            "https_only": false,
            "id": "/subscriptions/920220c1-481b-4246-8e07-2d3b4fea007c/resourceGroups/example-resources/providers/Microsoft.Web/sites/azurerm-app-service-test-1",
            "identity": [],
            "key_vault_reference_identity_id": "SystemAssigned",
            "location": "westeurope",
            "logs": [
              {
                "application_logs": [
                  {
                    "azure_blob_storage": [],
                    "file_system_level": "Off"
                  }
                ],
                "detailed_error_messages_enabled": false,
                "failed_request_tracing_enabled": false,
                "http_logs": [
                  {
                    "azure_blob_storage": [],
                    "file_system": []
                  }
                ]
              }
            ],
            "name": "azurerm-app-service-test-1",
            "outbound_ip_address_list": [
              "23.97.163.47",
              "23.97.163.156",
              "23.97.163.227",
              "23.97.163.3",
              "23.97.160.56"
            ],
            "outbound_ip_addresses": "23.97.163.47,23.97.163.156,23.97.163.227,23.97.163.3,23.97.160.56",
            "possible_outbound_ip_address_list": [
              "23.97.163.47",
              "23.97.163.156",
              "23.97.163.227",
              "23.97.163.3",
              "40.115.63.9",
              "40.115.63.88",
              "13.93.43.47",
              "40.115.63.31",
              "40.115.63.94",
              "20.238.219.90",
              "20.238.220.168",
              "20.238.221.115",
              "20.238.221.130",
              "20.238.222.82",
              "20.238.222.87",
              "20.76.188.85",
              "20.76.189.62",
              "20.76.191.237",
              "20.93.209.1",
              "20.93.209.88",
              "20.93.210.25",
              "23.97.160.56"
            ],
            "possible_outbound_ip_addresses": "23.97.163.47,23.97.163.156,23.97.163.227,23.97.163.3,40.115.63.9,40.115.63.88,13.93.43.47,40.115.63.31,40.115.63.94,20.238.219.90,20.238.220.168,20.238.221.115,20.238.221.130,20.238.222.82,20.238.222.87,20.76.188.85,20.76.189.62,20.76.191.237,20.93.209.1,20.93.209.88,20.93.210.25,23.97.160.56",
            "resource_group_name": "example-resources",
            "site_config": [
              {
                "acr_use_managed_identity_credentials": false,
                "acr_user_managed_identity_client_id": "",
                "always_on": false,
                "app_command_line": "",
                "auto_swap_slot_name": "",
                "cors": [
                  {
                    "allowed_origins": [],
                    "support_credentials": false
                  }
                ],
                "default_documents": null,
                "dotnet_framework_version": "v4.0",
                "ftps_state": "FtpsOnly",
                "health_check_path": "",
                "http2_enabled": false,
                "ip_restriction": [],
                "java_container": "",
                "java_container_version": "",
                "java_version": "",
                "linux_fx_version": "",
                "local_mysql_enabled": false,
                "managed_pipeline_mode": "Integrated",
                "min_tls_version": "1.2",
                "number_of_workers": 1,
                "php_version": "",
                "python_version": "",
                "remote_debugging_enabled": false,
                "remote_debugging_version": "VS2022",
                "scm_ip_restriction": [],
                "scm_type": "LocalGit",
                "scm_use_main_ip_restriction": false,
                "use_32_bit_worker_process": false,
                "vnet_route_all_enabled": false,
                "websockets_enabled": false,
                "windows_fx_version": ""
              }
            ],
            "site_credential": [
              {
                "password": "sourLdHhAT023ywLP4N1HBBvRWTT5nvRuJbZJsfbx1Fu08ygAnNDKfiRHfPa",
                "username": "$azurerm-app-service-test-1"
              }
            ],
            "source_control": [
              {
                "branch": "main",
                "manual_integration": false,
                "repo_url": "https://azurerm-app-service-test-1.scm.azurewebsites.net",
                "rollback_enabled": false,
                "use_mercurial": false
              }
            ],
            "storage_account": [],
            "tags": null,
            "timeouts": null
          },
          "sensitive_attributes": [
            [
              {
                "type": "get_attr",
                "value": "connection_string"
              }
            ]
          ],
          "private": "eyJlMmJmYjczMC1lY2FhLTExZTYtOGY4OC0zNDM2M2JjN2M0YzAiOnsiY3JlYXRlIjoxODAwMDAwMDAwMDAwLCJkZWxldGUiOjE4MDAwMDAwMDAwMDAsInJlYWQiOjMwMDAwMDAwMDAwMCwidXBkYXRlIjoxODAwMDAwMDAwMDAwfX0=",
          "dependencies": [
            "azurerm_app_service_plan.example",
            "azurerm_resource_group.example"
          ]
        }
      ]
    },
    {
      "mode": "managed",
      "type": "azurerm_app_service_plan",
      "name": "example",
      "provider": "provider[\"registry.terraform.io/hashicorp/azurerm\"]",
      "instances": [
        {
          "schema_version": 1,
          "attributes": {
            "app_service_environment_id": "",
            "id": "/subscriptions/920220c1-481b-4246-8e07-2d3b4fea007c/resourceGroups/example-resources/providers/Microsoft.Web/serverFarms/example-appserviceplan",
            "is_xenon": false,
            "kind": "Windows",
            "location": "westeurope",
            "maximum_elastic_worker_count": 1,
            "maximum_number_of_workers": 10,
            "name": "example-appserviceplan",
            "per_site_scaling": false,
            "reserved": false,
            "resource_group_name": "example-resources",
            "sku": [
              {
                "capacity": 1,
                "size": "S1",
                "tier": "Standard"
              }
            ],
            "tags": {},
            "timeouts": null,
            "zone_redundant": false
          },
          "sensitive_attributes": [],
          "private": "eyJlMmJmYjczMC1lY2FhLTExZTYtOGY4OC0zNDM2M2JjN2M0YzAiOnsiY3JlYXRlIjozNjAwMDAwMDAwMDAwLCJkZWxldGUiOjM2MDAwMDAwMDAwMDAsInJlYWQiOjMwMDAwMDAwMDAwMCwidXBkYXRlIjozNjAwMDAwMDAwMDAwfSwic2NoZW1hX3ZlcnNpb24iOiIxIn0=",
          "dependencies": [
            "azurerm_resource_group.example"
          ]
        }
      ]
    },
    {
      "mode": "managed",
      "type": "azurerm_resource_group",
      "name": "example",
      "provider": "provider[\"registry.terraform.io/hashicorp/azurerm\"]",
      "instances": [
        {
          "schema_version": 0,
          "attributes": {
            "id": "/subscriptions/920220c1-481b-4246-8e07-2d3b4fea007c/resourceGroups/example-resources",
            "location": "westeurope",
            "managed_by": "",
            "name": "example-resources",
            "tags": {},
            "timeouts": null
          },
          "sensitive_attributes": [],
          "private": "eyJlMmJmYjczMC1lY2FhLTExZTYtOGY4OC0zNDM2M2JjN2M0YzAiOnsiY3JlYXRlIjo1NDAwMDAwMDAwMDAwLCJkZWxldGUiOjU0MDAwMDAwMDAwMDAsInJlYWQiOjMwMDAwMDAwMDAwMCwidXBkYXRlIjo1NDAwMDAwMDAwMDAwfX0="
        }
      ]
    }
  ],
  "check_results": null
}
